
Microsoft Visual Studio Solution File, Format Version 12.00
# Visual Studio Version 17
VisualStudioVersion = 17.13.35919.96
MinimumVisualStudioVersion = 10.0.40219.1
Project("{FAE04EC0-301F-11D3-BF4B-00C04F79EFBC}") = "test-login-02", "test-login-02\test-login-02.csproj", "{BC4162D7-56C3-47CA-9CCF-EA9C5D0712AF}"
EndProject
Project("{FAE04EC0-301F-11D3-BF4B-00C04F79EFBC}") = "test-login-03", "test-login-03\test-login-03.csproj", "{49844C5D-1698-440A-827B-267BC3C15705}"
EndProject
Global
	GlobalSection(SolutionConfigurationPlatforms) = preSolution
		Debug|Any CPU = Debug|Any CPU
		Release|Any CPU = Release|Any CPU
	EndGlobalSection
	GlobalSection(ProjectConfigurationPlatforms) = postSolution
		{BC4162D7-56C3-47CA-9CCF-EA9C5D0712AF}.Debug|Any CPU.ActiveCfg = Debug|Any CPU
		{BC4162D7-56C3-47CA-9CCF-EA9C5D0712AF}.Debug|Any CPU.Build.0 = Debug|Any CPU
		{BC4162D7-56C3-47CA-9CCF-EA9C5D0712AF}.Release|Any CPU.ActiveCfg = Release|Any CPU
		{BC4162D7-56C3-47CA-9CCF-EA9C5D0712AF}.Release|Any CPU.Build.0 = Release|Any CPU
		{49844C5D-1698-440A-827B-267BC3C15705}.Debug|Any CPU.ActiveCfg = Debug|Any CPU
		{49844C5D-1698-440A-827B-267BC3C15705}.Debug|Any CPU.Build.0 = Debug|Any CPU
		{49844C5D-1698-440A-827B-267BC3C15705}.Release|Any CPU.ActiveCfg = Release|Any CPU
		{49844C5D-1698-440A-827B-267BC3C15705}.Release|Any CPU.Build.0 = Release|Any CPU
	EndGlobalSection
	GlobalSection(SolutionProperties) = preSolution
		HideSolutionNode = FALSE
	EndGlobalSection
	GlobalSection(ExtensibilityGlobals) = postSolution
		SolutionGuid = {B33EF12F-0263-4768-920E-F712C7850819}
	EndGlobalSection
EndGlobal
